lockfileVersion: '9.0'

settings:
  autoInstallPeers: true
  excludeLinksFromLockfile: false

importers:

  .:
    dependencies:
      ogl:
        specifier: ^1.0.11
        version: 1.0.11

packages:

  ogl@1.0.11:
    resolution: {integrity: sha512-kUpC154AFfxi16pmZUK4jk3J+8zxwTWGPo03EoYA8QPbzikHoaC82n6pNTbd+oEaJonaE8aPWBlX7ad9zrqLsA==}

snapshots:

  ogl@1.0.11: {}
